# This file is generated by running "yarn install" inside your project.
# Manual changes might be lost - proceed with caution!

__metadata:
  version: 8
  cacheKey: 10c0

"@manypkg/basic-fixture-pkg-one@workspace:packages/package-one":
  version: 0.0.0-use.local
  resolution: "@manypkg/basic-fixture-pkg-one@workspace:packages/package-one"
  languageName: unknown
  linkType: soft

"@manypkg/basic-fixture-pkg-two-one@workspace:packages/package-two-one":
  version: 0.0.0-use.local
  resolution: "@manypkg/basic-fixture-pkg-two-one@workspace:packages/package-two-one"
  languageName: unknown
  linkType: soft

"@manypkg/basic-fixture-pkg-two@workspace:packages/package-two":
  version: 0.0.0-use.local
  resolution: "@manypkg/basic-fixture-pkg-two@workspace:packages/package-two"
  languageName: unknown
  linkType: soft

"@manypkg/basic-fixture@workspace:.":
  version: 0.0.0-use.local
  resolution: "@manypkg/basic-fixture@workspace:."
  languageName: unknown
  linkType: soft
